
Microsoft Visual Studio Solution File, Format Version 12.00
# Visual Studio 15
VisualStudioVersion = 15.0.28010.2046
MinimumVisualStudioVersion = 10.0.40219.1
Project("{FAE04EC0-301F-11D3-BF4B-00C04F79EFBC}") = "TextRecognition.Android", "TextRecognition\TextRecognition.Android\TextRecognition.Android.csproj", "{94F25329-553A-4B6A-AD83-56011318796A}"
EndProject
Project("{FAE04EC0-301F-11D3-BF4B-00C04F79EFBC}") = "TextRecognition.iOS", "TextRecognition\TextRecognition.iOS\TextRecognition.iOS.csproj", "{7CADC5AF-0C6C-4B45-8F41-01B456728185}"
EndProject
Project("{FAE04EC0-301F-11D3-BF4B-00C04F79EFBC}") = "TextRecognition", "TextRecognition\TextRecognition\TextRecognition.csproj", "{6C0A6B9F-89B2-4C6A-A9AF-E2019A9CD9CD}"
EndProject
Global
	GlobalSection(SolutionConfigurationPlatforms) = preSolution
		Ad-Hoc|Any CPU = Ad-Hoc|Any CPU
		Ad-Hoc|iPhone = Ad-Hoc|iPhone
		Ad-Hoc|iPhoneSimulator = Ad-Hoc|iPhoneSimulator
		AppStore|Any CPU = AppStore|Any CPU
		AppStore|iPhone = AppStore|iPhone
		AppStore|iPhoneSimulator = AppStore|iPhoneSimulator
		Debug|Any CPU = Debug|Any CPU
		Debug|iPhone = Debug|iPhone
		Debug|iPhoneSimulator = Debug|iPhoneSimulator
		Release|Any CPU = Release|Any CPU
		Release|iPhone = Release|iPhone
		Release|iPhoneSimulator = Release|iPhoneSimulator
	EndGlobalSection
	GlobalSection(ProjectConfigurationPlatforms) = postSolution
		{94F25329-553A-4B6A-AD83-56011318796A}.Ad-Hoc|Any CPU.ActiveCfg = Release|Any CPU
		{94F25329-553A-4B6A-AD83-56011318796A}.Ad-Hoc|Any CPU.Build.0 = Release|Any CPU
		{94F25329-553A-4B6A-AD83-56011318796A}.Ad-Hoc|Any CPU.Deploy.0 = Release|Any CPU
		{94F25329-553A-4B6A-AD83-56011318796A}.Ad-Hoc|iPhone.ActiveCfg = Release|Any CPU
		{94F25329-553A-4B6A-AD83-56011318796A}.Ad-Hoc|iPhone.Build.0 = Release|Any CPU
		{94F25329-553A-4B6A-AD83-56011318796A}.Ad-Hoc|iPhone.Deploy.0 = Release|Any CPU
		{94F25329-553A-4B6A-AD83-56011318796A}.Ad-Hoc|iPhoneSimulator.ActiveCfg = Release|Any CPU
		{94F25329-553A-4B6A-AD83-56011318796A}.Ad-Hoc|iPhoneSimulator.Build.0 = Release|Any CPU
		{94F25329-553A-4B6A-AD83-56011318796A}.Ad-Hoc|iPhoneSimulator.Deploy.0 = Release|Any CPU
		{94F25329-553A-4B6A-AD83-56011318796A}.AppStore|Any CPU.ActiveCfg = Release|Any CPU
		{94F25329-553A-4B6A-AD83-56011318796A}.AppStore|Any CPU.Build.0 = Release|Any CPU
		{94F25329-553A-4B6A-AD83-56011318796A}.AppStore|Any CPU.Deploy.0 = Release|Any CPU
		{94F25329-553A-4B6A-AD83-56011318796A}.AppStore|iPhone.ActiveCfg = Release|Any CPU
		{94F25329-553A-4B6A-AD83-56011318796A}.AppStore|iPhone.Build.0 = Release|Any CPU
		{94F25329-553A-4B6A-AD83-56011318796A}.AppStore|iPhone.Deploy.0 = Release|Any CPU
		{94F25329-553A-4B6A-AD83-56011318796A}.AppStore|iPhoneSimulator.ActiveCfg = Release|Any CPU
		{94F25329-553A-4B6A-AD83-56011318796A}.AppStore|iPhoneSimulator.Build.0 = Release|Any CPU
		{94F25329-553A-4B6A-AD83-56011318796A}.AppStore|iPhoneSimulator.Deploy.0 = Release|Any CPU
		{94F25329-553A-4B6A-AD83-56011318796A}.Debug|Any CPU.ActiveCfg = Debug|Any CPU
		{94F25329-553A-4B6A-AD83-56011318796A}.Debug|Any CPU.Build.0 = Debug|Any CPU
		{94F25329-553A-4B6A-AD83-56011318796A}.Debug|Any CPU.Deploy.0 = Debug|Any CPU
		{94F25329-553A-4B6A-AD83-56011318796A}.Debug|iPhone.ActiveCfg = Debug|Any CPU
		{94F25329-553A-4B6A-AD83-56011318796A}.Debug|iPhone.Build.0 = Debug|Any CPU
		{94F25329-553A-4B6A-AD83-56011318796A}.Debug|iPhone.Deploy.0 = Debug|Any CPU
		{94F25329-553A-4B6A-AD83-56011318796A}.Debug|iPhoneSimulator.ActiveCfg = Debug|Any CPU
		{94F25329-553A-4B6A-AD83-56011318796A}.Debug|iPhoneSimulator.Build.0 = Debug|Any CPU
		{94F25329-553A-4B6A-AD83-56011318796A}.Debug|iPhoneSimulator.Deploy.0 = Debug|Any CPU
		{94F25329-553A-4B6A-AD83-56011318796A}.Release|Any CPU.ActiveCfg = Release|Any CPU
		{94F25329-553A-4B6A-AD83-56011318796A}.Release|Any CPU.Build.0 = Release|Any CPU
		{94F25329-553A-4B6A-AD83-56011318796A}.Release|Any CPU.Deploy.0 = Release|Any CPU
		{94F25329-553A-4B6A-AD83-56011318796A}.Release|iPhone.ActiveCfg = Release|Any CPU
		{94F25329-553A-4B6A-AD83-56011318796A}.Release|iPhone.Build.0 = Release|Any CPU
		{94F25329-553A-4B6A-AD83-56011318796A}.Release|iPhone.Deploy.0 = Release|Any CPU
		{94F25329-553A-4B6A-AD83-56011318796A}.Release|iPhoneSimulator.ActiveCfg = Release|Any CPU
		{94F25329-553A-4B6A-AD83-56011318796A}.Release|iPhoneSimulator.Build.0 = Release|Any CPU
		{94F25329-553A-4B6A-AD83-56011318796A}.Release|iPhoneSimulator.Deploy.0 = Release|Any CPU
		{7CADC5AF-0C6C-4B45-8F41-01B456728185}.Ad-Hoc|Any CPU.ActiveCfg = Ad-Hoc|iPhone
		{7CADC5AF-0C6C-4B45-8F41-01B456728185}.Ad-Hoc|Any CPU.Build.0 = Ad-Hoc|iPhone
		{7CADC5AF-0C6C-4B45-8F41-01B456728185}.Ad-Hoc|Any CPU.Deploy.0 = Ad-Hoc|iPhone
		{7CADC5AF-0C6C-4B45-8F41-01B456728185}.Ad-Hoc|iPhone.ActiveCfg = Ad-Hoc|iPhone
		{7CADC5AF-0C6C-4B45-8F41-01B456728185}.Ad-Hoc|iPhone.Build.0 = Ad-Hoc|iPhone
		{7CADC5AF-0C6C-4B45-8F41-01B456728185}.Ad-Hoc|iPhone.Deploy.0 = Ad-Hoc|iPhone
		{7CADC5AF-0C6C-4B45-8F41-01B456728185}.Ad-Hoc|iPhoneSimulator.ActiveCfg = Ad-Hoc|iPhoneSimulator
		{7CADC5AF-0C6C-4B45-8F41-01B456728185}.Ad-Hoc|iPhoneSimulator.Build.0 = Ad-Hoc|iPhoneSimulator
		{7CADC5AF-0C6C-4B45-8F41-01B456728185}.Ad-Hoc|iPhoneSimulator.Deploy.0 = Ad-Hoc|iPhoneSimulator
		{7CADC5AF-0C6C-4B45-8F41-01B456728185}.AppStore|Any CPU.ActiveCfg = AppStore|iPhone
		{7CADC5AF-0C6C-4B45-8F41-01B456728185}.AppStore|Any CPU.Build.0 = AppStore|iPhone
		{7CADC5AF-0C6C-4B45-8F41-01B456728185}.AppStore|Any CPU.Deploy.0 = AppStore|iPhone
		{7CADC5AF-0C6C-4B45-8F41-01B456728185}.AppStore|iPhone.ActiveCfg = AppStore|iPhone
		{7CADC5AF-0C6C-4B45-8F41-01B456728185}.AppStore|iPhone.Build.0 = AppStore|iPhone
		{7CADC5AF-0C6C-4B45-8F41-01B456728185}.AppStore|iPhone.Deploy.0 = AppStore|iPhone
		{7CADC5AF-0C6C-4B45-8F41-01B456728185}.AppStore|iPhoneSimulator.ActiveCfg = AppStore|iPhoneSimulator
		{7CADC5AF-0C6C-4B45-8F41-01B456728185}.AppStore|iPhoneSimulator.Build.0 = AppStore|iPhoneSimulator
		{7CADC5AF-0C6C-4B45-8F41-01B456728185}.AppStore|iPhoneSimulator.Deploy.0 = AppStore|iPhoneSimulator
		{7CADC5AF-0C6C-4B45-8F41-01B456728185}.Debug|Any CPU.ActiveCfg = Debug|iPhoneSimulator
		{7CADC5AF-0C6C-4B45-8F41-01B456728185}.Debug|Any CPU.Build.0 = Debug|iPhoneSimulator
		{7CADC5AF-0C6C-4B45-8F41-01B456728185}.Debug|Any CPU.Deploy.0 = Debug|iPhoneSimulator
		{7CADC5AF-0C6C-4B45-8F41-01B456728185}.Debug|iPhone.ActiveCfg = Debug|iPhone
		{7CADC5AF-0C6C-4B45-8F41-01B456728185}.Debug|iPhone.Build.0 = Debug|iPhone
		{7CADC5AF-0C6C-4B45-8F41-01B456728185}.Debug|iPhone.Deploy.0 = Debug|iPhone
		{7CADC5AF-0C6C-4B45-8F41-01B456728185}.Debug|iPhoneSimulator.ActiveCfg = Debug|iPhoneSimulator
		{7CADC5AF-0C6C-4B45-8F41-01B456728185}.Debug|iPhoneSimulator.Build.0 = Debug|iPhoneSimulator
		{7CADC5AF-0C6C-4B45-8F41-01B456728185}.Debug|iPhoneSimulator.Deploy.0 = Debug|iPhoneSimulator
		{7CADC5AF-0C6C-4B45-8F41-01B456728185}.Release|Any CPU.ActiveCfg = Release|iPhone
		{7CADC5AF-0C6C-4B45-8F41-01B456728185}.Release|Any CPU.Build.0 = Release|iPhone
		{7CADC5AF-0C6C-4B45-8F41-01B456728185}.Release|Any CPU.Deploy.0 = Release|iPhone
		{7CADC5AF-0C6C-4B45-8F41-01B456728185}.Release|iPhone.ActiveCfg = Release|iPhone
		{7CADC5AF-0C6C-4B45-8F41-01B456728185}.Release|iPhone.Build.0 = Release|iPhone
		{7CADC5AF-0C6C-4B45-8F41-01B456728185}.Release|iPhone.Deploy.0 = Release|iPhone
		{7CADC5AF-0C6C-4B45-8F41-01B456728185}.Release|iPhoneSimulator.ActiveCfg = Release|iPhoneSimulator
		{7CADC5AF-0C6C-4B45-8F41-01B456728185}.Release|iPhoneSimulator.Build.0 = Release|iPhoneSimulator
		{7CADC5AF-0C6C-4B45-8F41-01B456728185}.Release|iPhoneSimulator.Deploy.0 = Release|iPhoneSimulator
		{6C0A6B9F-89B2-4C6A-A9AF-E2019A9CD9CD}.Ad-Hoc|Any CPU.ActiveCfg = Debug|Any CPU
		{6C0A6B9F-89B2-4C6A-A9AF-E2019A9CD9CD}.Ad-Hoc|Any CPU.Build.0 = Debug|Any CPU
		{6C0A6B9F-89B2-4C6A-A9AF-E2019A9CD9CD}.Ad-Hoc|Any CPU.Deploy.0 = Debug|Any CPU
		{6C0A6B9F-89B2-4C6A-A9AF-E2019A9CD9CD}.Ad-Hoc|iPhone.ActiveCfg = Debug|Any CPU
		{6C0A6B9F-89B2-4C6A-A9AF-E2019A9CD9CD}.Ad-Hoc|iPhone.Build.0 = Debug|Any CPU
		{6C0A6B9F-89B2-4C6A-A9AF-E2019A9CD9CD}.Ad-Hoc|iPhone.Deploy.0 = Debug|Any CPU
		{6C0A6B9F-89B2-4C6A-A9AF-E2019A9CD9CD}.Ad-Hoc|iPhoneSimulator.ActiveCfg = Debug|Any CPU
		{6C0A6B9F-89B2-4C6A-A9AF-E2019A9CD9CD}.Ad-Hoc|iPhoneSimulator.Build.0 = Debug|Any CPU
		{6C0A6B9F-89B2-4C6A-A9AF-E2019A9CD9CD}.Ad-Hoc|iPhoneSimulator.Deploy.0 = Debug|Any CPU
		{6C0A6B9F-89B2-4C6A-A9AF-E2019A9CD9CD}.AppStore|Any CPU.ActiveCfg = Debug|Any CPU
		{6C0A6B9F-89B2-4C6A-A9AF-E2019A9CD9CD}.AppStore|Any CPU.Build.0 = Debug|Any CPU
		{6C0A6B9F-89B2-4C6A-A9AF-E2019A9CD9CD}.AppStore|Any CPU.Deploy.0 = Debug|Any CPU
		{6C0A6B9F-89B2-4C6A-A9AF-E2019A9CD9CD}.AppStore|iPhone.ActiveCfg = Debug|Any CPU
		{6C0A6B9F-89B2-4C6A-A9AF-E2019A9CD9CD}.AppStore|iPhone.Build.0 = Debug|Any CPU
		{6C0A6B9F-89B2-4C6A-A9AF-E2019A9CD9CD}.AppStore|iPhone.Deploy.0 = Debug|Any CPU
		{6C0A6B9F-89B2-4C6A-A9AF-E2019A9CD9CD}.AppStore|iPhoneSimulator.ActiveCfg = Debug|Any CPU
		{6C0A6B9F-89B2-4C6A-A9AF-E2019A9CD9CD}.AppStore|iPhoneSimulator.Build.0 = Debug|Any CPU
		{6C0A6B9F-89B2-4C6A-A9AF-E2019A9CD9CD}.AppStore|iPhoneSimulator.Deploy.0 = Debug|Any CPU
		{6C0A6B9F-89B2-4C6A-A9AF-E2019A9CD9CD}.Debug|Any CPU.ActiveCfg = Debug|Any CPU
		{6C0A6B9F-89B2-4C6A-A9AF-E2019A9CD9CD}.Debug|Any CPU.Build.0 = Debug|Any CPU
		{6C0A6B9F-89B2-4C6A-A9AF-E2019A9CD9CD}.Debug|Any CPU.Deploy.0 = Debug|Any CPU
		{6C0A6B9F-89B2-4C6A-A9AF-E2019A9CD9CD}.Debug|iPhone.ActiveCfg = Debug|Any CPU
		{6C0A6B9F-89B2-4C6A-A9AF-E2019A9CD9CD}.Debug|iPhone.Build.0 = Debug|Any CPU
		{6C0A6B9F-89B2-4C6A-A9AF-E2019A9CD9CD}.Debug|iPhone.Deploy.0 = Debug|Any CPU
		{6C0A6B9F-89B2-4C6A-A9AF-E2019A9CD9CD}.Debug|iPhoneSimulator.ActiveCfg = Debug|Any CPU
		{6C0A6B9F-89B2-4C6A-A9AF-E2019A9CD9CD}.Debug|iPhoneSimulator.Build.0 = Debug|Any CPU
		{6C0A6B9F-89B2-4C6A-A9AF-E2019A9CD9CD}.Debug|iPhoneSimulator.Deploy.0 = Debug|Any CPU
		{6C0A6B9F-89B2-4C6A-A9AF-E2019A9CD9CD}.Release|Any CPU.ActiveCfg = Release|Any CPU
		{6C0A6B9F-89B2-4C6A-A9AF-E2019A9CD9CD}.Release|Any CPU.Build.0 = Release|Any CPU
		{6C0A6B9F-89B2-4C6A-A9AF-E2019A9CD9CD}.Release|Any CPU.Deploy.0 = Release|Any CPU
		{6C0A6B9F-89B2-4C6A-A9AF-E2019A9CD9CD}.Release|iPhone.ActiveCfg = Release|Any CPU
		{6C0A6B9F-89B2-4C6A-A9AF-E2019A9CD9CD}.Release|iPhone.Build.0 = Release|Any CPU
		{6C0A6B9F-89B2-4C6A-A9AF-E2019A9CD9CD}.Release|iPhone.Deploy.0 = Release|Any CPU
		{6C0A6B9F-89B2-4C6A-A9AF-E2019A9CD9CD}.Release|iPhoneSimulator.ActiveCfg = Release|Any CPU
		{6C0A6B9F-89B2-4C6A-A9AF-E2019A9CD9CD}.Release|iPhoneSimulator.Build.0 = Release|Any CPU
		{6C0A6B9F-89B2-4C6A-A9AF-E2019A9CD9CD}.Release|iPhoneSimulator.Deploy.0 = Release|Any CPU
	EndGlobalSection
	GlobalSection(SolutionProperties) = preSolution
		HideSolutionNode = FALSE
	EndGlobalSection
	GlobalSection(ExtensibilityGlobals) = postSolution
		SolutionGuid = {3471D6C0-7C76-4C31-BF5A-D079C1F94C4B}
	EndGlobalSection
EndGlobal
